
Microsoft Visual Studio Solution File, Format Version 12.00
# Visual Studio Version 17
VisualStudioVersion = 17.4.33403.182
MinimumVisualStudioVersion = 10.0.40219.1
Project("{FAE04EC0-301F-11D3-BF4B-00C04F79EFBC}") = "BTVN_T3", "BTVN_T3.csproj", "{98EEE1BF-33B2-4F23-9018-44F7E73DF9D0}"
EndProject
Global
	GlobalSection(SolutionConfigurationPlatforms) = preSolution
		Debug|Any CPU = Debug|Any CPU
		Release|Any CPU = Release|Any CPU
	EndGlobalSection
	GlobalSection(ProjectConfigurationPlatforms) = postSolution
		{98EEE1BF-33B2-4F23-9018-44F7E73DF9D0}.Debug|Any CPU.ActiveCfg = Debug|Any CPU
		{98EEE1BF-33B2-4F23-9018-44F7E73DF9D0}.Debug|Any CPU.Build.0 = Debug|Any CPU
		{98EEE1BF-33B2-4F23-9018-44F7E73DF9D0}.Release|Any CPU.ActiveCfg = Release|Any CPU
		{98EEE1BF-33B2-4F23-9018-44F7E73DF9D0}.Release|Any CPU.Build.0 = Release|Any CPU
	EndGlobalSection
	GlobalSection(SolutionProperties) = preSolution
		HideSolutionNode = FALSE
	EndGlobalSection
	GlobalSection(ExtensibilityGlobals) = postSolution
		SolutionGuid = {4B8AB4CC-C1E1-407D-A54B-EE70547995A3}
	EndGlobalSection
EndGlobal
